// !$*UTF8*$!
{
	archiveVersion = 1;
	classes = {
	};
	objectVersion = 56;
	objects = {

/* Begin PBXBuildFile section */
		9F1764C62B02CF9E001AACCB /* CacheMatrix.swift in Sources */ = {isa = PBXBuildFile; fileRef = 9F1764C52B02CF9E001AACCB /* CacheMatrix.swift */; };
		9F1764C82B02D032001AACCB /* SimulationResult.swift in Sources */ = {isa = PBXBuildFile; fileRef = 9F1764C72B02D032001AACCB /* SimulationResult.swift */; };
		9F7DD2772B03305A007F7D4F /* ResultTable.swift in Sources */ = {isa = PBXBuildFile; fileRef = 9F7DD2762B03305A007F7D4F /* ResultTable.swift */; };
		9FDDBB8F2B03E754004EA89F /* CopyableSimulationResultList.swift in Sources */ = {isa = PBXBuildFile; fileRef = 9FDDBB8E2B03E754004EA89F /* CopyableSimulationResultList.swift */; };
		9FDDBB912B040E92004EA89F /* CacheItem.swift in Sources */ = {isa = PBXBuildFile; fileRef = 9FDDBB902B040E92004EA89F /* CacheItem.swift */; };
		9FF78B062B01DF6D000007CE /* CacheSimulationApp.swift in Sources */ = {isa = PBXBuildFile; fileRef = 9FF78B052B01DF6D000007CE /* CacheSimulationApp.swift */; };
		9FF78B082B01DF6D000007CE /* ContentView.swift in Sources */ = {isa = PBXBuildFile; fileRef = 9FF78B072B01DF6D000007CE /* ContentView.swift */; };
		9FF78B0A2B01DF73000007CE /* Assets.xcassets in Resources */ = {isa = PBXBuildFile; fileRef = 9FF78B092B01DF73000007CE /* Assets.xcassets */; };
		9FF78B0E2B01DF73000007CE /* Preview Assets.xcassets in Resources */ = {isa = PBXBuildFile; fileRef = 9FF78B0D2B01DF73000007CE /* Preview Assets.xcassets */; };
		9FF78B182B01DF74000007CE /* CacheSimulationTests.swift in Sources */ = {isa = PBXBuildFile; fileRef = 9FF78B172B01DF74000007CE /* CacheSimulationTests.swift */; };
		9FF78B222B01DF74000007CE /* CacheSimulationUITests.swift in Sources */ = {isa = PBXBuildFile; fileRef = 9FF78B212B01DF74000007CE /* CacheSimulationUITests.swift */; };
		9FF78B242B01DF74000007CE /* CacheSimulationUITestsLaunchTests.swift in Sources */ = {isa = PBXBuildFile; fileRef = 9FF78B232B01DF74000007CE /* CacheSimulationUITestsLaunchTests.swift */; };
		9FF78B322B01E091000007CE /* CacheSetupForm.swift in Sources */ = {isa = PBXBuildFile; fileRef = 9FF78B312B01E091000007CE /* CacheSetupForm.swift */; };
		9FF78B352B01E46B000007CE /* CacheType.swift in Sources */ = {isa = PBXBuildFile; fileRef = 9FF78B342B01E46B000007CE /* CacheType.swift */; };
		9FF78B372B01E619000007CE /* Cache.swift in Sources */ = {isa = PBXBuildFile; fileRef = 9FF78B362B01E619000007CE /* Cache.swift */; };
		9FF78B392B01F479000007CE /* CollisionHandlingStrategy.swift in Sources */ = {isa = PBXBuildFile; fileRef = 9FF78B382B01F479000007CE /* CollisionHandlingStrategy.swift */; };
/* End PBXBuildFile section */

/* Begin PBXContainerItemProxy section */
		9FF78B142B01DF74000007CE /* PBXContainerItemProxy */ = {
			isa = PBXContainerItemProxy;
			containerPortal = 9FF78AFA2B01DF6C000007CE /* Project object */;
			proxyType = 1;
			remoteGlobalIDString = 9FF78B012B01DF6D000007CE;
			remoteInfo = CacheSimulation;
		};
		9FF78B1E2B01DF74000007CE /* PBXContainerItemProxy */ = {
			isa = PBXContainerItemProxy;
			containerPortal = 9FF78AFA2B01DF6C000007CE /* Project object */;
			proxyType = 1;
			remoteGlobalIDString = 9FF78B012B01DF6D000007CE;
			remoteInfo = CacheSimulation;
		};
/* End PBXContainerItemProxy section */

/* Begin PBXFileReference section */
		9F1764C52B02CF9E001AACCB /* CacheMatrix.swift */ = {isa = PBXFileReference; lastKnownFileType = sourcecode.swift; path = CacheMatrix.swift; sourceTree = "<group>"; };
		9F1764C72B02D032001AACCB /* SimulationResult.swift */ = {isa = PBXFileReference; lastKnownFileType = sourcecode.swift; path = SimulationResult.swift; sourceTree = "<group>"; };
		9F7DD2762B03305A007F7D4F /* ResultTable.swift */ = {isa = PBXFileReference; lastKnownFileType = sourcecode.swift; path = ResultTable.swift; sourceTree = "<group>"; };
		9FDDBB8E2B03E754004EA89F /* CopyableSimulationResultList.swift */ = {isa = PBXFileReference; lastKnownFileType = sourcecode.swift; path = CopyableSimulationResultList.swift; sourceTree = "<group>"; };
		9FDDBB902B040E92004EA89F /* CacheItem.swift */ = {isa = PBXFileReference; lastKnownFileType = sourcecode.swift; path = CacheItem.swift; sourceTree = "<group>"; };
		9FF78B022B01DF6D000007CE /* CacheSimulation.app */ = {isa = PBXFileReference; explicitFileType = wrapper.application; includeInIndex = 0; path = CacheSimulation.app; sourceTree = BUILT_PRODUCTS_DIR; };
		9FF78B052B01DF6D000007CE /* CacheSimulationApp.swift */ = {isa = PBXFileReference; lastKnownFileType = sourcecode.swift; path = CacheSimulationApp.swift; sourceTree = "<group>"; };
		9FF78B072B01DF6D000007CE /* ContentView.swift */ = {isa = PBXFileReference; lastKnownFileType = sourcecode.swift; path = ContentView.swift; sourceTree = "<group>"; };
		9FF78B092B01DF73000007CE /* Assets.xcassets */ = {isa = PBXFileReference; lastKnownFileType = folder.assetcatalog; path = Assets.xcassets; sourceTree = "<group>"; };
		9FF78B0B2B01DF73000007CE /* CacheSimulation.entitlements */ = {isa = PBXFileReference; lastKnownFileType = text.plist.entitlements; path = CacheSimulation.entitlements; sourceTree = "<group>"; };
		9FF78B0D2B01DF73000007CE /* Preview Assets.xcassets */ = {isa = PBXFileReference; lastKnownFileType = folder.assetcatalog; path = "Preview Assets.xcassets"; sourceTree = "<group>"; };
		9FF78B132B01DF74000007CE /* CacheSimulationTests.xctest */ = {isa = PBXFileReference; explicitFileType = wrapper.cfbundle; includeInIndex = 0; path = CacheSimulationTests.xctest; sourceTree = BUILT_PRODUCTS_DIR; };
		9FF78B172B01DF74000007CE /* CacheSimulationTests.swift */ = {isa = PBXFileReference; lastKnownFileType = sourcecode.swift; path = CacheSimulationTests.swift; sourceTree = "<group>"; };
		9FF78B1D2B01DF74000007CE /* CacheSimulationUITests.xctest */ = {isa = PBXFileReference; explicitFileType = wrapper.cfbundle; includeInIndex = 0; path = CacheSimulationUITests.xctest; sourceTree = BUILT_PRODUCTS_DIR; };
		9FF78B212B01DF74000007CE /* CacheSimulationUITests.swift */ = {isa = PBXFileReference; lastKnownFileType = sourcecode.swift; path = CacheSimulationUITests.swift; sourceTree = "<group>"; };
		9FF78B232B01DF74000007CE /* CacheSimulationUITestsLaunchTests.swift */ = {isa = PBXFileReference; lastKnownFileType = sourcecode.swift; path = CacheSimulationUITestsLaunchTests.swift; sourceTree = "<group>"; };
		9FF78B312B01E091000007CE /* CacheSetupForm.swift */ = {isa = PBXFileReference; lastKnownFileType = sourcecode.swift; path = CacheSetupForm.swift; sourceTree = "<group>"; };
		9FF78B342B01E46B000007CE /* CacheType.swift */ = {isa = PBXFileReference; lastKnownFileType = sourcecode.swift; path = CacheType.swift; sourceTree = "<group>"; };
		9FF78B362B01E619000007CE /* Cache.swift */ = {isa = PBXFileReference; lastKnownFileType = sourcecode.swift; path = Cache.swift; sourceTree = "<group>"; };
		9FF78B382B01F479000007CE /* CollisionHandlingStrategy.swift */ = {isa = PBXFileReference; lastKnownFileType = sourcecode.swift; path = CollisionHandlingStrategy.swift; sourceTree = "<group>"; };
/* End PBXFileReference section */

/* Begin PBXFrameworksBuildPhase section */
		9FF78AFF2B01DF6D000007CE /* Frameworks */ = {
			isa = PBXFrameworksBuildPhase;
			buildActionMask = 2147483647;
			files = (
			);
			runOnlyForDeploymentPostprocessing = 0;
		};
		9FF78B102B01DF74000007CE /* Frameworks */ = {
			isa = PBXFrameworksBuildPhase;
			buildActionMask = 2147483647;
			files = (
			);
			runOnlyForDeploymentPostprocessing = 0;
		};
		9FF78B1A2B01DF74000007CE /* Frameworks */ = {
			isa = PBXFrameworksBuildPhase;
			buildActionMask = 2147483647;
			files = (
			);
			runOnlyForDeploymentPostprocessing = 0;
		};
/* End PBXFrameworksBuildPhase section */

/* Begin PBXGroup section */
		9FF78AF92B01DF6C000007CE = {
			isa = PBXGroup;
			children = (
				9FF78B042B01DF6D000007CE /* CacheSimulation */,
				9FF78B162B01DF74000007CE /* CacheSimulationTests */,
				9FF78B202B01DF74000007CE /* CacheSimulationUITests */,
				9FF78B032B01DF6D000007CE /* Products */,
			);
			sourceTree = "<group>";
		};
		9FF78B032B01DF6D000007CE /* Products */ = {
			isa = PBXGroup;
			children = (
				9FF78B022B01DF6D000007CE /* CacheSimulation.app */,
				9FF78B132B01DF74000007CE /* CacheSimulationTests.xctest */,
				9FF78B1D2B01DF74000007CE /* CacheSimulationUITests.xctest */,
			);
			name = Products;
			sourceTree = "<group>";
		};
		9FF78B042B01DF6D000007CE /* CacheSimulation */ = {
			isa = PBXGroup;
			children = (
				9FF78B332B01E45C000007CE /* Models */,
				9FF78B302B01E06D000007CE /* Views */,
				9FF78B052B01DF6D000007CE /* CacheSimulationApp.swift */,
				9FF78B072B01DF6D000007CE /* ContentView.swift */,
				9FF78B092B01DF73000007CE /* Assets.xcassets */,
				9FF78B0B2B01DF73000007CE /* CacheSimulation.entitlements */,
				9FF78B0C2B01DF73000007CE /* Preview Content */,
			);
			path = CacheSimulation;
			sourceTree = "<group>";
		};
		9FF78B0C2B01DF73000007CE /* Preview Content */ = {
			isa = PBXGroup;
			children = (
				9FF78B0D2B01DF73000007CE /* Preview Assets.xcassets */,
			);
			path = "Preview Content";
			sourceTree = "<group>";
		};
		9FF78B162B01DF74000007CE /* CacheSimulationTests */ = {
			isa = PBXGroup;
			children = (
				9FF78B172B01DF74000007CE /* CacheSimulationTests.swift */,
			);
			path = CacheSimulationTests;
			sourceTree = "<group>";
		};
		9FF78B202B01DF74000007CE /* CacheSimulationUITests */ = {
			isa = PBXGroup;
			children = (
				9FF78B212B01DF74000007CE /* CacheSimulationUITests.swift */,
				9FF78B232B01DF74000007CE /* CacheSimulationUITestsLaunchTests.swift */,
			);
			path = CacheSimulationUITests;
			sourceTree = "<group>";
		};
		9FF78B302B01E06D000007CE /* Views */ = {
			isa = PBXGroup;
			children = (
				9FF78B312B01E091000007CE /* CacheSetupForm.swift */,
				9F7DD2762B03305A007F7D4F /* ResultTable.swift */,
			);
			path = Views;
			sourceTree = "<group>";
		};
		9FF78B332B01E45C000007CE /* Models */ = {
			isa = PBXGroup;
			children = (
				9FF78B342B01E46B000007CE /* CacheType.swift */,
				9FF78B362B01E619000007CE /* Cache.swift */,
				9FF78B382B01F479000007CE /* CollisionHandlingStrategy.swift */,
				9F1764C52B02CF9E001AACCB /* CacheMatrix.swift */,
				9F1764C72B02D032001AACCB /* SimulationResult.swift */,
				9FDDBB8E2B03E754004EA89F /* CopyableSimulationResultList.swift */,
				9FDDBB902B040E92004EA89F /* CacheItem.swift */,
			);
			path = Models;
			sourceTree = "<group>";
		};
/* End PBXGroup section */

/* Begin PBXNativeTarget section */
		9FF78B012B01DF6D000007CE /* CacheSimulation */ = {
			isa = PBXNativeTarget;
			buildConfigurationList = 9FF78B272B01DF74000007CE /* Build configuration list for PBXNativeTarget "CacheSimulation" */;
			buildPhases = (
				9FF78AFE2B01DF6D000007CE /* Sources */,
				9FF78AFF2B01DF6D000007CE /* Frameworks */,
				9FF78B002B01DF6D000007CE /* Resources */,
			);
			buildRules = (
			);
			dependencies = (
			);
			name = CacheSimulation;
			productName = CacheSimulation;
			productReference = 9FF78B022B01DF6D000007CE /* CacheSimulation.app */;
			productType = "com.apple.product-type.application";
		};
		9FF78B122B01DF74000007CE /* CacheSimulationTests */ = {
			isa = PBXNativeTarget;
			buildConfigurationList = 9FF78B2A2B01DF74000007CE /* Build configuration list for PBXNativeTarget "CacheSimulationTests" */;
			buildPhases = (
				9FF78B0F2B01DF74000007CE /* Sources */,
				9FF78B102B01DF74000007CE /* Frameworks */,
				9FF78B112B01DF74000007CE /* Resources */,
			);
			buildRules = (
			);
			dependencies = (
				9FF78B152B01DF74000007CE /* PBXTargetDependency */,
			);
			name = CacheSimulationTests;
			productName = CacheSimulationTests;
			productReference = 9FF78B132B01DF74000007CE /* CacheSimulationTests.xctest */;
			productType = "com.apple.product-type.bundle.unit-test";
		};
		9FF78B1C2B01DF74000007CE /* CacheSimulationUITests */ = {
			isa = PBXNativeTarget;
			buildConfigurationList = 9FF78B2D2B01DF74000007CE /* Build configuration list for PBXNativeTarget "CacheSimulationUITests" */;
			buildPhases = (
				9FF78B192B01DF74000007CE /* Sources */,
				9FF78B1A2B01DF74000007CE /* Frameworks */,
				9FF78B1B2B01DF74000007CE /* Resources */,
			);
			buildRules = (
			);
			dependencies = (
				9FF78B1F2B01DF74000007CE /* PBXTargetDependency */,
			);
			name = CacheSimulationUITests;
			productName = CacheSimulationUITests;
			productReference = 9FF78B1D2B01DF74000007CE /* CacheSimulationUITests.xctest */;
			productType = "com.apple.product-type.bundle.ui-testing";
		};
/* End PBXNativeTarget section */

/* Begin PBXProject section */
		9FF78AFA2B01DF6C000007CE /* Project object */ = {
			isa = PBXProject;
			attributes = {
				BuildIndependentTargetsInParallel = 1;
				LastSwiftUpdateCheck = 1500;
				LastUpgradeCheck = 1500;
				TargetAttributes = {
					9FF78B012B01DF6D000007CE = {
						CreatedOnToolsVersion = 15.0.1;
					};
					9FF78B122B01DF74000007CE = {
						CreatedOnToolsVersion = 15.0.1;
						TestTargetID = 9FF78B012B01DF6D000007CE;
					};
					9FF78B1C2B01DF74000007CE = {
						CreatedOnToolsVersion = 15.0.1;
						TestTargetID = 9FF78B012B01DF6D000007CE;
					};
				};
			};
			buildConfigurationList = 9FF78AFD2B01DF6C000007CE /* Build configuration list for PBXProject "CacheSimulation" */;
			compatibilityVersion = "Xcode 14.0";
			developmentRegion = en;
			hasScannedForEncodings = 0;
			knownRegions = (
				en,
				Base,
			);
			mainGroup = 9FF78AF92B01DF6C000007CE;
			productRefGroup = 9FF78B032B01DF6D000007CE /* Products */;
			projectDirPath = "";
			projectRoot = "";
			targets = (
				9FF78B012B01DF6D000007CE /* CacheSimulation */,
				9FF78B122B01DF74000007CE /* CacheSimulationTests */,
				9FF78B1C2B01DF74000007CE /* CacheSimulationUITests */,
			);
		};
/* End PBXProject section */

/* Begin PBXResourcesBuildPhase section */
		9FF78B002B01DF6D000007CE /* Resources */ = {
			isa = PBXResourcesBuildPhase;
			buildActionMask = 2147483647;
			files = (
				9FF78B0E2B01DF73000007CE /* Preview Assets.xcassets in Resources */,
				9FF78B0A2B01DF73000007CE /* Assets.xcassets in Resources */,
			);
			runOnlyForDeploymentPostprocessing = 0;
		};
		9FF78B112B01DF74000007CE /* Resources */ = {
			isa = PBXResourcesBuildPhase;
			buildActionMask = 2147483647;
			files = (
			);
			runOnlyForDeploymentPostprocessing = 0;
		};
		9FF78B1B2B01DF74000007CE /* Resources */ = {
			isa = PBXResourcesBuildPhase;
			buildActionMask = 2147483647;
			files = (
			);
			runOnlyForDeploymentPostprocessing = 0;
		};
/* End PBXResourcesBuildPhase section */

/* Begin PBXSourcesBuildPhase section */
		9FF78AFE2B01DF6D000007CE /* Sources */ = {
			isa = PBXSourcesBuildPhase;
			buildActionMask = 2147483647;
			files = (
				9F1764C62B02CF9E001AACCB /* CacheMatrix.swift in Sources */,
				9FF78B352B01E46B000007CE /* CacheType.swift in Sources */,
				9FF78B372B01E619000007CE /* Cache.swift in Sources */,
				9FF78B322B01E091000007CE /* CacheSetupForm.swift in Sources */,
				9FDDBB8F2B03E754004EA89F /* CopyableSimulationResultList.swift in Sources */,
				9FF78B082B01DF6D000007CE /* ContentView.swift in Sources */,
				9F7DD2772B03305A007F7D4F /* ResultTable.swift in Sources */,
				9F1764C82B02D032001AACCB /* SimulationResult.swift in Sources */,
				9FF78B392B01F479000007CE /* CollisionHandlingStrategy.swift in Sources */,
				9FF78B062B01DF6D000007CE /* CacheSimulationApp.swift in Sources */,
				9FDDBB912B040E92004EA89F /* CacheItem.swift in Sources */,
			);
			runOnlyForDeploymentPostprocessing = 0;
		};
		9FF78B0F2B01DF74000007CE /* Sources */ = {
			isa = PBXSourcesBuildPhase;
			buildActionMask = 2147483647;
			files = (
				9FF78B182B01DF74000007CE /* CacheSimulationTests.swift in Sources */,
			);
			runOnlyForDeploymentPostprocessing = 0;
		};
		9FF78B192B01DF74000007CE /* Sources */ = {
			isa = PBXSourcesBuildPhase;
			buildActionMask = 2147483647;
			files = (
				9FF78B242B01DF74000007CE /* CacheSimulationUITestsLaunchTests.swift in Sources */,
				9FF78B222B01DF74000007CE /* CacheSimulationUITests.swift in Sources */,
			);
			runOnlyForDeploymentPostprocessing = 0;
		};
/* End PBXSourcesBuildPhase section */

/* Begin PBXTargetDependency section */
		9FF78B152B01DF74000007CE /* PBXTargetDependency */ = {
			isa = PBXTargetDependency;
			target = 9FF78B012B01DF6D000007CE /* CacheSimulation */;
			targetProxy = 9FF78B142B01DF74000007CE /* PBXContainerItemProxy */;
		};
		9FF78B1F2B01DF74000007CE /* PBXTargetDependency */ = {
			isa = PBXTargetDependency;
			target = 9FF78B012B01DF6D000007CE /* CacheSimulation */;
			targetProxy = 9FF78B1E2B01DF74000007CE /* PBXContainerItemProxy */;
		};
/* End PBXTargetDependency section */

/* Begin XCBuildConfiguration section */
		9FF78B252B01DF74000007CE /* Debug */ = {
			isa = XCBuildConfiguration;
			buildSettings = {
				ALWAYS_SEARCH_USER_PATHS = NO;
				ASSETCATALOG_COMPILER_GENERATE_SWIFT_ASSET_SYMBOL_EXTENSIONS = YES;
				CLANG_ANALYZER_NONNULL = YES;
				CLANG_ANALYZER_NUMBER_OBJECT_CONVERSION = YES_AGGRESSIVE;
				CLANG_CXX_LANGUAGE_STANDARD = "gnu++20";
				CLANG_ENABLE_MODULES = YES;
				CLANG_ENABLE_OBJC_ARC = YES;
				CLANG_ENABLE_OBJC_WEAK = YES;
				CLANG_WARN_BLOCK_CAPTURE_AUTORELEASING = YES;
				CLANG_WARN_BOOL_CONVERSION = YES;
				CLANG_WARN_COMMA = YES;
				CLANG_WARN_CONSTANT_CONVERSION = YES;
				CLANG_WARN_DEPRECATED_OBJC_IMPLEMENTATIONS = YES;
				CLANG_WARN_DIRECT_OBJC_ISA_USAGE = YES_ERROR;
				CLANG_WARN_DOCUMENTATION_COMMENTS = YES;
				CLANG_WARN_EMPTY_BODY = YES;
				CLANG_WARN_ENUM_CONVERSION = YES;
				CLANG_WARN_INFINITE_RECURSION = YES;
				CLANG_WARN_INT_CONVERSION = YES;
				CLANG_WARN_NON_LITERAL_NULL_CONVERSION = YES;
				CLANG_WARN_OBJC_IMPLICIT_RETAIN_SELF = YES;
				CLANG_WARN_OBJC_LITERAL_CONVERSION = YES;
				CLANG_WARN_OBJC_ROOT_CLASS = YES_ERROR;
				CLANG_WARN_QUOTED_INCLUDE_IN_FRAMEWORK_HEADER = YES;
				CLANG_WARN_RANGE_LOOP_ANALYSIS = YES;
				CLANG_WARN_STRICT_PROTOTYPES = YES;
				CLANG_WARN_SUSPICIOUS_MOVE = YES;
				CLANG_WARN_UNGUARDED_AVAILABILITY = YES_AGGRESSIVE;
				CLANG_WARN_UNREACHABLE_CODE = YES;
				CLANG_WARN__DUPLICATE_METHOD_MATCH = YES;
				COPY_PHASE_STRIP = NO;
				DEBUG_INFORMATION_FORMAT = dwarf;
				ENABLE_STRICT_OBJC_MSGSEND = YES;
				ENABLE_TESTABILITY = YES;
				ENABLE_USER_SCRIPT_SANDBOXING = YES;
				GCC_C_LANGUAGE_STANDARD = gnu17;
				GCC_DYNAMIC_NO_PIC = NO;
				GCC_NO_COMMON_BLOCKS = YES;
				GCC_OPTIMIZATION_LEVEL = 0;
				GCC_PREPROCESSOR_DEFINITIONS = (
					"DEBUG=1",
					"$(inherited)",
				);
				GCC_WARN_64_TO_32_BIT_CONVERSION = YES;
				GCC_WARN_ABOUT_RETURN_TYPE = YES_ERROR;
				GCC_WARN_UNDECLARED_SELECTOR = YES;
				GCC_WARN_UNINITIALIZED_AUTOS = YES_AGGRESSIVE;
				GCC_WARN_UNUSED_FUNCTION = YES;
				GCC_WARN_UNUSED_VARIABLE = YES;
				LOCALIZATION_PREFERS_STRING_CATALOGS = YES;
				MTL_ENABLE_DEBUG_INFO = INCLUDE_SOURCE;
				MTL_FAST_MATH = YES;
				ONLY_ACTIVE_ARCH = YES;
				SWIFT_ACTIVE_COMPILATION_CONDITIONS = "DEBUG $(inherited)";
				SWIFT_DISABLE_SAFETY_CHECKS = NO;
				SWIFT_OPTIMIZATION_LEVEL = "-Onone";
			};
			name = Debug;
		};
		9FF78B262B01DF74000007CE /* Release */ = {
			isa = XCBuildConfiguration;
			buildSettings = {
				ALWAYS_SEARCH_USER_PATHS = NO;
				ASSETCATALOG_COMPILER_GENERATE_SWIFT_ASSET_SYMBOL_EXTENSIONS = YES;
				CLANG_ANALYZER_NONNULL = YES;
				CLANG_ANALYZER_NUMBER_OBJECT_CONVERSION = YES_AGGRESSIVE;
				CLANG_CXX_LANGUAGE_STANDARD = "gnu++20";
				CLANG_ENABLE_MODULES = YES;
				CLANG_ENABLE_OBJC_ARC = YES;
				CLANG_ENABLE_OBJC_WEAK = YES;
				CLANG_WARN_BLOCK_CAPTURE_AUTORELEASING = YES;
				CLANG_WARN_BOOL_CONVERSION = YES;
				CLANG_WARN_COMMA = YES;
				CLANG_WARN_CONSTANT_CONVERSION = YES;
				CLANG_WARN_DEPRECATED_OBJC_IMPLEMENTATIONS = YES;
				CLANG_WARN_DIRECT_OBJC_ISA_USAGE = YES_ERROR;
				CLANG_WARN_DOCUMENTATION_COMMENTS = YES;
				CLANG_WARN_EMPTY_BODY = YES;
				CLANG_WARN_ENUM_CONVERSION = YES;
				CLANG_WARN_INFINITE_RECURSION = YES;
				CLANG_WARN_INT_CONVERSION = YES;
				CLANG_WARN_NON_LITERAL_NULL_CONVERSION = YES;
				CLANG_WARN_OBJC_IMPLICIT_RETAIN_SELF = YES;
				CLANG_WARN_OBJC_LITERAL_CONVERSION = YES;
				CLANG_WARN_OBJC_ROOT_CLASS = YES_ERROR;
				CLANG_WARN_QUOTED_INCLUDE_IN_FRAMEWORK_HEADER = YES;
				CLANG_WARN_RANGE_LOOP_ANALYSIS = YES;
				CLANG_WARN_STRICT_PROTOTYPES = YES;
				CLANG_WARN_SUSPICIOUS_MOVE = YES;
				CLANG_WARN_UNGUARDED_AVAILABILITY = YES_AGGRESSIVE;
				CLANG_WARN_UNREACHABLE_CODE = YES;
				CLANG_WARN__DUPLICATE_METHOD_MATCH = YES;
				COPY_PHASE_STRIP = NO;
				DEBUG_INFORMATION_FORMAT = "dwarf-with-dsym";
				ENABLE_NS_ASSERTIONS = NO;
				ENABLE_STRICT_OBJC_MSGSEND = YES;
				ENABLE_USER_SCRIPT_SANDBOXING = YES;
				GCC_C_LANGUAGE_STANDARD = gnu17;
				GCC_NO_COMMON_BLOCKS = YES;
				GCC_WARN_64_TO_32_BIT_CONVERSION = YES;
				GCC_WARN_ABOUT_RETURN_TYPE = YES_ERROR;
				GCC_WARN_UNDECLARED_SELECTOR = YES;
				GCC_WARN_UNINITIALIZED_AUTOS = YES_AGGRESSIVE;
				GCC_WARN_UNUSED_FUNCTION = YES;
				GCC_WARN_UNUSED_VARIABLE = YES;
				LOCALIZATION_PREFERS_STRING_CATALOGS = YES;
				MTL_ENABLE_DEBUG_INFO = NO;
				MTL_FAST_MATH = YES;
				SWIFT_COMPILATION_MODE = wholemodule;
				SWIFT_DISABLE_SAFETY_CHECKS = NO;
				SWIFT_OPTIMIZATION_LEVEL = "-O";
			};
			name = Release;
		};
		9FF78B282B01DF74000007CE /* Debug */ = {
			isa = XCBuildConfiguration;
			buildSettings = {
				ASSETCATALOG_COMPILER_APPICON_NAME = AppIcon;
				ASSETCATALOG_COMPILER_GLOBAL_ACCENT_COLOR_NAME = AccentColor;
				CODE_SIGN_ENTITLEMENTS = CacheSimulation/CacheSimulation.entitlements;
				CODE_SIGN_STYLE = Automatic;
				CURRENT_PROJECT_VERSION = 1;
				DEVELOPMENT_ASSET_PATHS = "\"CacheSimulation/Preview Content\"";
				DEVELOPMENT_TEAM = YN43D87323;
				ENABLE_HARDENED_RUNTIME = YES;
				ENABLE_PREVIEWS = YES;
				GENERATE_INFOPLIST_FILE = YES;
				"INFOPLIST_KEY_UIApplicationSceneManifest_Generation[sdk=iphoneos*]" = YES;
				"INFOPLIST_KEY_UIApplicationSceneManifest_Generation[sdk=iphonesimulator*]" = YES;
				"INFOPLIST_KEY_UIApplicationSupportsIndirectInputEvents[sdk=iphoneos*]" = YES;
				"INFOPLIST_KEY_UIApplicationSupportsIndirectInputEvents[sdk=iphonesimulator*]" = YES;
				"INFOPLIST_KEY_UILaunchScreen_Generation[sdk=iphoneos*]" = YES;
				"INFOPLIST_KEY_UILaunchScreen_Generation[sdk=iphonesimulator*]" = YES;
				"INFOPLIST_KEY_UIStatusBarStyle[sdk=iphoneos*]" = UIStatusBarStyleDefault;
				"INFOPLIST_KEY_UIStatusBarStyle[sdk=iphonesimulator*]" = UIStatusBarStyleDefault;
				INFOPLIST_KEY_UISupportedInterfaceOrientations_iPad = "UIInterfaceOrientationPortrait UIInterfaceOrientationPortraitUpsideDown UIInterfaceOrientationLandscapeLeft UIInterfaceOrientationLandscapeRight";
				INFOPLIST_KEY_UISupportedInterfaceOrientations_iPhone = "UIInterfaceOrientationPortrait UIInterfaceOrientationLandscapeLeft UIInterfaceOrientationLandscapeRight";
				IPHONEOS_DEPLOYMENT_TARGET = 17.0;
				LD_RUNPATH_SEARCH_PATHS = "@executable_path/Frameworks";
				"LD_RUNPATH_SEARCH_PATHS[sdk=macosx*]" = "@executable_path/../Frameworks";
				MACOSX_DEPLOYMENT_TARGET = 13.5;
				MARKETING_VERSION = 1.0;
				PRODUCT_BUNDLE_IDENTIFIER = com.kpchew.CacheSimulation;
				PRODUCT_NAME = "$(TARGET_NAME)";
				SDKROOT = auto;
				SUPPORTED_PLATFORMS = "iphoneos iphonesimulator macosx";
				SWIFT_EMIT_LOC_STRINGS = YES;
				SWIFT_VERSION = 5.0;
				TARGETED_DEVICE_FAMILY = "1,2";
			};
			name = Debug;
		};
		9FF78B292B01DF74000007CE /* Release */ = {
			isa = XCBuildConfiguration;
			buildSettings = {
				ASSETCATALOG_COMPILER_APPICON_NAME = AppIcon;
				ASSETCATALOG_COMPILER_GLOBAL_ACCENT_COLOR_NAME = AccentColor;
				CODE_SIGN_ENTITLEMENTS = CacheSimulation/CacheSimulation.entitlements;
				CODE_SIGN_STYLE = Automatic;
				CURRENT_PROJECT_VERSION = 1;
				DEVELOPMENT_ASSET_PATHS = "\"CacheSimulation/Preview Content\"";
				DEVELOPMENT_TEAM = YN43D87323;
				ENABLE_HARDENED_RUNTIME = YES;
				ENABLE_PREVIEWS = YES;
				GENERATE_INFOPLIST_FILE = YES;
				"INFOPLIST_KEY_UIApplicationSceneManifest_Generation[sdk=iphoneos*]" = YES;
				"INFOPLIST_KEY_UIApplicationSceneManifest_Generation[sdk=iphonesimulator*]" = YES;
				"INFOPLIST_KEY_UIApplicationSupportsIndirectInputEvents[sdk=iphoneos*]" = YES;
				"INFOPLIST_KEY_UIApplicationSupportsIndirectInputEvents[sdk=iphonesimulator*]" = YES;
				"INFOPLIST_KEY_UILaunchScreen_Generation[sdk=iphoneos*]" = YES;
				"INFOPLIST_KEY_UILaunchScreen_Generation[sdk=iphonesimulator*]" = YES;
				"INFOPLIST_KEY_UIStatusBarStyle[sdk=iphoneos*]" = UIStatusBarStyleDefault;
				"INFOPLIST_KEY_UIStatusBarStyle[sdk=iphonesimulator*]" = UIStatusBarStyleDefault;
				INFOPLIST_KEY_UISupportedInterfaceOrientations_iPad = "UIInterfaceOrientationPortrait UIInterfaceOrientationPortraitUpsideDown UIInterfaceOrientationLandscapeLeft UIInterfaceOrientationLandscapeRight";
				INFOPLIST_KEY_UISupportedInterfaceOrientations_iPhone = "UIInterfaceOrientationPortrait UIInterfaceOrientationLandscapeLeft UIInterfaceOrientationLandscapeRight";
				IPHONEOS_DEPLOYMENT_TARGET = 17.0;
				LD_RUNPATH_SEARCH_PATHS = "@executable_path/Frameworks";
				"LD_RUNPATH_SEARCH_PATHS[sdk=macosx*]" = "@executable_path/../Frameworks";
				MACOSX_DEPLOYMENT_TARGET = 13.5;
				MARKETING_VERSION = 1.0;
				PRODUCT_BUNDLE_IDENTIFIER = com.kpchew.CacheSimulation;
				PRODUCT_NAME = "$(TARGET_NAME)";
				SDKROOT = auto;
				SUPPORTED_PLATFORMS = "iphoneos iphonesimulator macosx";
				SWIFT_EMIT_LOC_STRINGS = YES;
				SWIFT_VERSION = 5.0;
				TARGETED_DEVICE_FAMILY = "1,2";
			};
			name = Release;
		};
		9FF78B2B2B01DF74000007CE /* Debug */ = {
			isa = XCBuildConfiguration;
			buildSettings = {
				ALWAYS_EMBED_SWIFT_STANDARD_LIBRARIES = YES;
				BUNDLE_LOADER = "$(TEST_HOST)";
				CODE_SIGN_STYLE = Automatic;
				CURRENT_PROJECT_VERSION = 1;
				DEVELOPMENT_TEAM = YN43D87323;
				GENERATE_INFOPLIST_FILE = YES;
				IPHONEOS_DEPLOYMENT_TARGET = 17.0;
				MACOSX_DEPLOYMENT_TARGET = 13.6;
				MARKETING_VERSION = 1.0;
				PRODUCT_BUNDLE_IDENTIFIER = com.kpchew.CacheSimulationTests;
				PRODUCT_NAME = "$(TARGET_NAME)";
				SDKROOT = auto;
				SUPPORTED_PLATFORMS = "iphoneos iphonesimulator macosx";
				SWIFT_EMIT_LOC_STRINGS = NO;
				SWIFT_VERSION = 5.0;
				TARGETED_DEVICE_FAMILY = "1,2";
				TEST_HOST = "$(BUILT_PRODUCTS_DIR)/CacheSimulation.app/$(BUNDLE_EXECUTABLE_FOLDER_PATH)/CacheSimulation";
			};
			name = Debug;
		};
		9FF78B2C2B01DF74000007CE /* Release */ = {
			isa = XCBuildConfiguration;
			buildSettings = {
				ALWAYS_EMBED_SWIFT_STANDARD_LIBRARIES = YES;
				BUNDLE_LOADER = "$(TEST_HOST)";
				CODE_SIGN_STYLE = Automatic;
				CURRENT_PROJECT_VERSION = 1;
				DEVELOPMENT_TEAM = YN43D87323;
				GENERATE_INFOPLIST_FILE = YES;
				IPHONEOS_DEPLOYMENT_TARGET = 17.0;
				MACOSX_DEPLOYMENT_TARGET = 13.6;
				MARKETING_VERSION = 1.0;
				PRODUCT_BUNDLE_IDENTIFIER = com.kpchew.CacheSimulationTests;
				PRODUCT_NAME = "$(TARGET_NAME)";
				SDKROOT = auto;
				SUPPORTED_PLATFORMS = "iphoneos iphonesimulator macosx";
				SWIFT_EMIT_LOC_STRINGS = NO;
				SWIFT_VERSION = 5.0;
				TARGETED_DEVICE_FAMILY = "1,2";
				TEST_HOST = "$(BUILT_PRODUCTS_DIR)/CacheSimulation.app/$(BUNDLE_EXECUTABLE_FOLDER_PATH)/CacheSimulation";
			};
			name = Release;
		};
		9FF78B2E2B01DF74000007CE /* Debug */ = {
			isa = XCBuildConfiguration;
			buildSettings = {
				ALWAYS_EMBED_SWIFT_STANDARD_LIBRARIES = YES;
				CODE_SIGN_STYLE = Automatic;
				CURRENT_PROJECT_VERSION = 1;
				DEVELOPMENT_TEAM = YN43D87323;
				GENERATE_INFOPLIST_FILE = YES;
				IPHONEOS_DEPLOYMENT_TARGET = 17.0;
				MACOSX_DEPLOYMENT_TARGET = 13.6;
				MARKETING_VERSION = 1.0;
				PRODUCT_BUNDLE_IDENTIFIER = com.kpchew.CacheSimulationUITests;
				PRODUCT_NAME = "$(TARGET_NAME)";
				SDKROOT = auto;
				SUPPORTED_PLATFORMS = "iphoneos iphonesimulator macosx";
				SWIFT_EMIT_LOC_STRINGS = NO;
				SWIFT_VERSION = 5.0;
				TARGETED_DEVICE_FAMILY = "1,2";
				TEST_TARGET_NAME = CacheSimulation;
			};
			name = Debug;
		};
		9FF78B2F2B01DF74000007CE /* Release */ = {
			isa = XCBuildConfiguration;
			buildSettings = {
				ALWAYS_EMBED_SWIFT_STANDARD_LIBRARIES = YES;
				CODE_SIGN_STYLE = Automatic;
				CURRENT_PROJECT_VERSION = 1;
				DEVELOPMENT_TEAM = YN43D87323;
				GENERATE_INFOPLIST_FILE = YES;
				IPHONEOS_DEPLOYMENT_TARGET = 17.0;
				MACOSX_DEPLOYMENT_TARGET = 13.6;
				MARKETING_VERSION = 1.0;
				PRODUCT_BUNDLE_IDENTIFIER = com.kpchew.CacheSimulationUITests;
				PRODUCT_NAME = "$(TARGET_NAME)";
				SDKROOT = auto;
				SUPPORTED_PLATFORMS = "iphoneos iphonesimulator macosx";
				SWIFT_EMIT_LOC_STRINGS = NO;
				SWIFT_VERSION = 5.0;
				TARGETED_DEVICE_FAMILY = "1,2";
				TEST_TARGET_NAME = CacheSimulation;
			};
			name = Release;
		};
/* End XCBuildConfiguration section */

/* Begin XCConfigurationList section */
		9FF78AFD2B01DF6C000007CE /* Build configuration list for PBXProject "CacheSimulation" */ = {
			isa = XCConfigurationList;
			buildConfigurations = (
				9FF78B252B01DF74000007CE /* Debug */,
				9FF78B262B01DF74000007CE /* Release */,
			);
			defaultConfigurationIsVisible = 0;
			defaultConfigurationName = Release;
		};
		9FF78B272B01DF74000007CE /* Build configuration list for PBXNativeTarget "CacheSimulation" */ = {
			isa = XCConfigurationList;
			buildConfigurations = (
				9FF78B282B01DF74000007CE /* Debug */,
				9FF78B292B01DF74000007CE /* Release */,
			);
			defaultConfigurationIsVisible = 0;
			defaultConfigurationName = Release;
		};
		9FF78B2A2B01DF74000007CE /* Build configuration list for PBXNativeTarget "CacheSimulationTests" */ = {
			isa = XCConfigurationList;
			buildConfigurations = (
				9FF78B2B2B01DF74000007CE /* Debug */,
				9FF78B2C2B01DF74000007CE /* Release */,
			);
			defaultConfigurationIsVisible = 0;
			defaultConfigurationName = Release;
		};
		9FF78B2D2B01DF74000007CE /* Build configuration list for PBXNativeTarget "CacheSimulationUITests" */ = {
			isa = XCConfigurationList;
			buildConfigurations = (
				9FF78B2E2B01DF74000007CE /* Debug */,
				9FF78B2F2B01DF74000007CE /* Release */,
			);
			defaultConfigurationIsVisible = 0;
			defaultConfigurationName = Release;
		};
/* End XCConfigurationList section */
	};
	rootObject = 9FF78AFA2B01DF6C000007CE /* Project object */;
}
